
Microsoft Visual Studio Solution File, Format Version 12.00
# Visual Studio Version 16
VisualStudioVersion = 16.0.29215.179
MinimumVisualStudioVersion = 10.0.40219.1
Project("{FAE04EC0-301F-11D3-BF4B-00C04F79EFBC}") = "ShowApp", "ShowApp\ShowApp.csproj", "{DE6EE613-D8A3-450D-A0D8-F2680EB7EE23}"
EndProject
Project("{FAE04EC0-301F-11D3-BF4B-00C04F79EFBC}") = "ManageApp", "ManageApp\ManageApp.csproj", "{D1F6742D-D754-47FA-95C4-DB98FD994EED}"
EndProject
Project("{FAE04EC0-301F-11D3-BF4B-00C04F79EFBC}") = "ExternalAPI", "Share\ExternalAPI.csproj", "{7ADE3AC3-1B10-44C8-99B1-2F354BCF8EDD}"
EndProject
Global
	GlobalSection(SolutionConfigurationPlatforms) = preSolution
		Debug|Any CPU = Debug|Any CPU
		Release|Any CPU = Release|Any CPU
	EndGlobalSection
	GlobalSection(ProjectConfigurationPlatforms) = postSolution
		{DE6EE613-D8A3-450D-A0D8-F2680EB7EE23}.Debug|Any CPU.ActiveCfg = Debug|Any CPU
		{DE6EE613-D8A3-450D-A0D8-F2680EB7EE23}.Debug|Any CPU.Build.0 = Debug|Any CPU
		{DE6EE613-D8A3-450D-A0D8-F2680EB7EE23}.Release|Any CPU.ActiveCfg = Release|Any CPU
		{DE6EE613-D8A3-450D-A0D8-F2680EB7EE23}.Release|Any CPU.Build.0 = Release|Any CPU
		{D1F6742D-D754-47FA-95C4-DB98FD994EED}.Debug|Any CPU.ActiveCfg = Debug|Any CPU
		{D1F6742D-D754-47FA-95C4-DB98FD994EED}.Debug|Any CPU.Build.0 = Debug|Any CPU
		{D1F6742D-D754-47FA-95C4-DB98FD994EED}.Release|Any CPU.ActiveCfg = Release|Any CPU
		{D1F6742D-D754-47FA-95C4-DB98FD994EED}.Release|Any CPU.Build.0 = Release|Any CPU
		{7ADE3AC3-1B10-44C8-99B1-2F354BCF8EDD}.Debug|Any CPU.ActiveCfg = Debug|Any CPU
		{7ADE3AC3-1B10-44C8-99B1-2F354BCF8EDD}.Debug|Any CPU.Build.0 = Debug|Any CPU
		{7ADE3AC3-1B10-44C8-99B1-2F354BCF8EDD}.Release|Any CPU.ActiveCfg = Release|Any CPU
		{7ADE3AC3-1B10-44C8-99B1-2F354BCF8EDD}.Release|Any CPU.Build.0 = Release|Any CPU
	EndGlobalSection
	GlobalSection(SolutionProperties) = preSolution
		HideSolutionNode = FALSE
	EndGlobalSection
	GlobalSection(ExtensibilityGlobals) = postSolution
		SolutionGuid = {F8D7C2FA-B2A5-41B2-B6D3-E817080D7C32}
	EndGlobalSection
EndGlobal
